
Microsoft Visual Studio Solution File, Format Version 11.00
# Visual Studio 2010
Project("{F184B08F-C81C-45F6-A57F-5ABD9991F28F}") = "myTelnet", "myTelnet.vbproj", "{DD288073-2B45-4E49-B2B2-382987F7C4F5}"
EndProject
Global
	GlobalSection(SolutionConfigurationPlatforms) = preSolution
		Debug|Any CPU = Debug|Any CPU
		Release|Any CPU = Release|Any CPU
	EndGlobalSection
	GlobalSection(ProjectConfigurationPlatforms) = postSolution
		{DD288073-2B45-4E49-B2B2-382987F7C4F5}.Debug|Any CPU.ActiveCfg = Debug|Any CPU
		{DD288073-2B45-4E49-B2B2-382987F7C4F5}.Debug|Any CPU.Build.0 = Debug|Any CPU
		{DD288073-2B45-4E49-B2B2-382987F7C4F5}.Release|Any CPU.ActiveCfg = Release|Any CPU
		{DD288073-2B45-4E49-B2B2-382987F7C4F5}.Release|Any CPU.Build.0 = Release|Any CPU
	EndGlobalSection
	GlobalSection(SolutionProperties) = preSolution
		HideSolutionNode = FALSE
	EndGlobalSection
EndGlobal
